// !$*UTF8*$!
{
	archiveVersion = 1;
	classes = {
	};
	objectVersion = 55;
	objects = {

/* Begin PBXBuildFile section */
		61077949286D28080094F95A /* ShoppingCartVC.swift in Sources */ = {isa = PBXBuildFile; fileRef = 61077948286D28080094F95A /* ShoppingCartVC.swift */; };
		6107794B286D28B80094F95A /* ShoppingCartSVC.swift in Sources */ = {isa = PBXBuildFile; fileRef = 6107794A286D28B80094F95A /* ShoppingCartSVC.swift */; };
		61077957286D42050094F95A /* Product.swift in Sources */ = {isa = PBXBuildFile; fileRef = 61077956286D42050094F95A /* Product.swift */; };
		61077959286D42F80094F95A /* ModelData.swift in Sources */ = {isa = PBXBuildFile; fileRef = 61077958286D42F80094F95A /* ModelData.swift */; };
		6107795C286D43860094F95A /* data.json in Resources */ = {isa = PBXBuildFile; fileRef = 6107795B286D43860094F95A /* data.json */; };
		6107795E286D51880094F95A /* Actions.swift in Sources */ = {isa = PBXBuildFile; fileRef = 6107795D286D51880094F95A /* Actions.swift */; };
		61077960286D51F60094F95A /* Helpers.swift in Sources */ = {isa = PBXBuildFile; fileRef = 6107795F286D51F60094F95A /* Helpers.swift */; };
		61077972286E00800094F95A /* AddRemoveItem.swift in Sources */ = {isa = PBXBuildFile; fileRef = 61077971286E00800094F95A /* AddRemoveItem.swift */; };
		61077975286E055F0094F95A /* NavigationBar.swift in Sources */ = {isa = PBXBuildFile; fileRef = 61077974286E055F0094F95A /* NavigationBar.swift */; };
		6107797E286E386A0094F95A /* CheckoutVC.swift in Sources */ = {isa = PBXBuildFile; fileRef = 6107797D286E386A0094F95A /* CheckoutVC.swift */; };
		61077980286E38760094F95A /* CheckoutSVC.swift in Sources */ = {isa = PBXBuildFile; fileRef = 6107797F286E38760094F95A /* CheckoutSVC.swift */; };
		61077982286E398F0094F95A /* CheckoutForm.swift in Sources */ = {isa = PBXBuildFile; fileRef = 61077981286E398F0094F95A /* CheckoutForm.swift */; };
		61077984286E3BD80094F95A /* CheckoutField.swift in Sources */ = {isa = PBXBuildFile; fileRef = 61077983286E3BD80094F95A /* CheckoutField.swift */; };
		61077986286E461E0094F95A /* CheckoutSummary.swift in Sources */ = {isa = PBXBuildFile; fileRef = 61077985286E461E0094F95A /* CheckoutSummary.swift */; };
		61077988286E49090094F95A /* CheckoutDetails.swift in Sources */ = {isa = PBXBuildFile; fileRef = 61077987286E49090094F95A /* CheckoutDetails.swift */; };
		6107798A286E49580094F95A /* CheckoutDetail.swift in Sources */ = {isa = PBXBuildFile; fileRef = 61077989286E49580094F95A /* CheckoutDetail.swift */; };
		61077993286E75730094F95A /* ProductVC.swift in Sources */ = {isa = PBXBuildFile; fileRef = 61077992286E75730094F95A /* ProductVC.swift */; };
		61077995286E7D8B0094F95A /* ProductSVC.swift in Sources */ = {isa = PBXBuildFile; fileRef = 61077994286E7D8B0094F95A /* ProductSVC.swift */; };
		61077997286E8DA90094F95A /* ProductImage.swift in Sources */ = {isa = PBXBuildFile; fileRef = 61077996286E8DA90094F95A /* ProductImage.swift */; };
		61077999286E8DD50094F95A /* ProductDetails.swift in Sources */ = {isa = PBXBuildFile; fileRef = 61077998286E8DD50094F95A /* ProductDetails.swift */; };
		6107799B286E8DE30094F95A /* ProductFeatures.swift in Sources */ = {isa = PBXBuildFile; fileRef = 6107799A286E8DE30094F95A /* ProductFeatures.swift */; };
		6107799D286E8DF40094F95A /* ProductContents.swift in Sources */ = {isa = PBXBuildFile; fileRef = 6107799C286E8DF40094F95A /* ProductContents.swift */; };
		6107799F286E8E090094F95A /* ProductPreview.swift in Sources */ = {isa = PBXBuildFile; fileRef = 6107799E286E8E090094F95A /* ProductPreview.swift */; };
		610779A3286E8F3D0094F95A /* ProductModel.swift in Sources */ = {isa = PBXBuildFile; fileRef = 610779A2286E8F3D0094F95A /* ProductModel.swift */; };
		610779A5286E95090094F95A /* ProductQuantity.swift in Sources */ = {isa = PBXBuildFile; fileRef = 610779A4286E95090094F95A /* ProductQuantity.swift */; };
		610779A7286E959E0094F95A /* QuantityHelper.swift in Sources */ = {isa = PBXBuildFile; fileRef = 610779A6286E959E0094F95A /* QuantityHelper.swift */; };
		610779A9286E9A990094F95A /* ItemHelper.swift in Sources */ = {isa = PBXBuildFile; fileRef = 610779A8286E9A990094F95A /* ItemHelper.swift */; };
		610779AB286E9DCF0094F95A /* PreviewHelper.swift in Sources */ = {isa = PBXBuildFile; fileRef = 610779AA286E9DCF0094F95A /* PreviewHelper.swift */; };
		847F7F64286A4C30006E87AB /* AppDelegate.swift in Sources */ = {isa = PBXBuildFile; fileRef = 847F7F63286A4C30006E87AB /* AppDelegate.swift */; };
		847F7F66286A4C30006E87AB /* SceneDelegate.swift in Sources */ = {isa = PBXBuildFile; fileRef = 847F7F65286A4C30006E87AB /* SceneDelegate.swift */; };
		847F7F68286A4C30006E87AB /* ViewController.swift in Sources */ = {isa = PBXBuildFile; fileRef = 847F7F67286A4C30006E87AB /* ViewController.swift */; };
		847F7F6B286A4C30006E87AB /* Main.storyboard in Resources */ = {isa = PBXBuildFile; fileRef = 847F7F69286A4C30006E87AB /* Main.storyboard */; };
		847F7F6E286A4C30006E87AB /* ecommerce.xcdatamodeld in Sources */ = {isa = PBXBuildFile; fileRef = 847F7F6C286A4C30006E87AB /* ecommerce.xcdatamodeld */; };
		847F7F70286A4C31006E87AB /* Assets.xcassets in Resources */ = {isa = PBXBuildFile; fileRef = 847F7F6F286A4C31006E87AB /* Assets.xcassets */; };
		847F7F73286A4C31006E87AB /* LaunchScreen.storyboard in Resources */ = {isa = PBXBuildFile; fileRef = 847F7F71286A4C31006E87AB /* LaunchScreen.storyboard */; };
/* End PBXBuildFile section */

/* Begin PBXFileReference section */
		61077948286D28080094F95A /* ShoppingCartVC.swift */ = {isa = PBXFileReference; lastKnownFileType = sourcecode.swift; path = ShoppingCartVC.swift; sourceTree = "<group>"; };
		6107794A286D28B80094F95A /* ShoppingCartSVC.swift */ = {isa = PBXFileReference; lastKnownFileType = sourcecode.swift; path = ShoppingCartSVC.swift; sourceTree = "<group>"; };
		61077956286D42050094F95A /* Product.swift */ = {isa = PBXFileReference; lastKnownFileType = sourcecode.swift; path = Product.swift; sourceTree = "<group>"; };
		61077958286D42F80094F95A /* ModelData.swift */ = {isa = PBXFileReference; lastKnownFileType = sourcecode.swift; path = ModelData.swift; sourceTree = "<group>"; };
		6107795B286D43860094F95A /* data.json */ = {isa = PBXFileReference; fileEncoding = 4; lastKnownFileType = text.json; path = data.json; sourceTree = "<group>"; };
		6107795D286D51880094F95A /* Actions.swift */ = {isa = PBXFileReference; lastKnownFileType = sourcecode.swift; path = Actions.swift; sourceTree = "<group>"; };
		6107795F286D51F60094F95A /* Helpers.swift */ = {isa = PBXFileReference; lastKnownFileType = sourcecode.swift; path = Helpers.swift; sourceTree = "<group>"; };
		61077971286E00800094F95A /* AddRemoveItem.swift */ = {isa = PBXFileReference; lastKnownFileType = sourcecode.swift; path = AddRemoveItem.swift; sourceTree = "<group>"; };
		61077974286E055F0094F95A /* NavigationBar.swift */ = {isa = PBXFileReference; lastKnownFileType = sourcecode.swift; path = NavigationBar.swift; sourceTree = "<group>"; };
		6107797D286E386A0094F95A /* CheckoutVC.swift */ = {isa = PBXFileReference; lastKnownFileType = sourcecode.swift; path = CheckoutVC.swift; sourceTree = "<group>"; };
		6107797F286E38760094F95A /* CheckoutSVC.swift */ = {isa = PBXFileReference; lastKnownFileType = sourcecode.swift; path = CheckoutSVC.swift; sourceTree = "<group>"; };
		61077981286E398F0094F95A /* CheckoutForm.swift */ = {isa = PBXFileReference; lastKnownFileType = sourcecode.swift; path = CheckoutForm.swift; sourceTree = "<group>"; };
		61077983286E3BD80094F95A /* CheckoutField.swift */ = {isa = PBXFileReference; lastKnownFileType = sourcecode.swift; path = CheckoutField.swift; sourceTree = "<group>"; };
		61077985286E461E0094F95A /* CheckoutSummary.swift */ = {isa = PBXFileReference; lastKnownFileType = sourcecode.swift; path = CheckoutSummary.swift; sourceTree = "<group>"; };
		61077987286E49090094F95A /* CheckoutDetails.swift */ = {isa = PBXFileReference; lastKnownFileType = sourcecode.swift; path = CheckoutDetails.swift; sourceTree = "<group>"; };
		61077989286E49580094F95A /* CheckoutDetail.swift */ = {isa = PBXFileReference; lastKnownFileType = sourcecode.swift; path = CheckoutDetail.swift; sourceTree = "<group>"; };
		61077992286E75730094F95A /* ProductVC.swift */ = {isa = PBXFileReference; lastKnownFileType = sourcecode.swift; path = ProductVC.swift; sourceTree = "<group>"; };
		61077994286E7D8B0094F95A /* ProductSVC.swift */ = {isa = PBXFileReference; lastKnownFileType = sourcecode.swift; path = ProductSVC.swift; sourceTree = "<group>"; };
		61077996286E8DA90094F95A /* ProductImage.swift */ = {isa = PBXFileReference; lastKnownFileType = sourcecode.swift; path = ProductImage.swift; sourceTree = "<group>"; };
		61077998286E8DD50094F95A /* ProductDetails.swift */ = {isa = PBXFileReference; lastKnownFileType = sourcecode.swift; path = ProductDetails.swift; sourceTree = "<group>"; };
		6107799A286E8DE30094F95A /* ProductFeatures.swift */ = {isa = PBXFileReference; lastKnownFileType = sourcecode.swift; path = ProductFeatures.swift; sourceTree = "<group>"; };
		6107799C286E8DF40094F95A /* ProductContents.swift */ = {isa = PBXFileReference; lastKnownFileType = sourcecode.swift; path = ProductContents.swift; sourceTree = "<group>"; };
		6107799E286E8E090094F95A /* ProductPreview.swift */ = {isa = PBXFileReference; lastKnownFileType = sourcecode.swift; path = ProductPreview.swift; sourceTree = "<group>"; };
		610779A2286E8F3D0094F95A /* ProductModel.swift */ = {isa = PBXFileReference; lastKnownFileType = sourcecode.swift; path = ProductModel.swift; sourceTree = "<group>"; };
		610779A4286E95090094F95A /* ProductQuantity.swift */ = {isa = PBXFileReference; lastKnownFileType = sourcecode.swift; path = ProductQuantity.swift; sourceTree = "<group>"; };
		610779A6286E959E0094F95A /* QuantityHelper.swift */ = {isa = PBXFileReference; lastKnownFileType = sourcecode.swift; path = QuantityHelper.swift; sourceTree = "<group>"; };
		610779A8286E9A990094F95A /* ItemHelper.swift */ = {isa = PBXFileReference; lastKnownFileType = sourcecode.swift; path = ItemHelper.swift; sourceTree = "<group>"; };
		610779AA286E9DCF0094F95A /* PreviewHelper.swift */ = {isa = PBXFileReference; lastKnownFileType = sourcecode.swift; path = PreviewHelper.swift; sourceTree = "<group>"; };
		847F7F60286A4C30006E87AB /* ecommerce.app */ = {isa = PBXFileReference; explicitFileType = wrapper.application; includeInIndex = 0; path = ecommerce.app; sourceTree = BUILT_PRODUCTS_DIR; };
		847F7F63286A4C30006E87AB /* AppDelegate.swift */ = {isa = PBXFileReference; lastKnownFileType = sourcecode.swift; path = AppDelegate.swift; sourceTree = "<group>"; };
		847F7F65286A4C30006E87AB /* SceneDelegate.swift */ = {isa = PBXFileReference; lastKnownFileType = sourcecode.swift; path = SceneDelegate.swift; sourceTree = "<group>"; };
		847F7F67286A4C30006E87AB /* ViewController.swift */ = {isa = PBXFileReference; lastKnownFileType = sourcecode.swift; path = ViewController.swift; sourceTree = "<group>"; };
		847F7F6A286A4C30006E87AB /* Base */ = {isa = PBXFileReference; lastKnownFileType = file.storyboard; name = Base; path = Base.lproj/Main.storyboard; sourceTree = "<group>"; };
		847F7F6D286A4C30006E87AB /* ecommerce.xcdatamodel */ = {isa = PBXFileReference; lastKnownFileType = wrapper.xcdatamodel; path = ecommerce.xcdatamodel; sourceTree = "<group>"; };
		847F7F6F286A4C31006E87AB /* Assets.xcassets */ = {isa = PBXFileReference; lastKnownFileType = folder.assetcatalog; path = Assets.xcassets; sourceTree = "<group>"; };
		847F7F72286A4C31006E87AB /* Base */ = {isa = PBXFileReference; lastKnownFileType = file.storyboard; name = Base; path = Base.lproj/LaunchScreen.storyboard; sourceTree = "<group>"; };
		847F7F74286A4C31006E87AB /* Info.plist */ = {isa = PBXFileReference; lastKnownFileType = text.plist.xml; path = Info.plist; sourceTree = "<group>"; };
/* End PBXFileReference section */

/* Begin PBXFrameworksBuildPhase section */
		847F7F5D286A4C30006E87AB /* Frameworks */ = {
			isa = PBXFrameworksBuildPhase;
			buildActionMask = 2147483647;
			files = (
			);
			runOnlyForDeploymentPostprocessing = 0;
		};
/* End PBXFrameworksBuildPhase section */

/* Begin PBXGroup section */
		61077942286D266B0094F95A /* ShoppingCartPage */ = {
			isa = PBXGroup;
			children = (
				6107794C286D322E0094F95A /* Components */,
				61077945286D26B20094F95A /* ViewModels */,
				61077944286D26AD0094F95A /* Models */,
				61077943286D26A70094F95A /* Views */,
			);
			path = ShoppingCartPage;
			sourceTree = "<group>";
		};
		61077943286D26A70094F95A /* Views */ = {
			isa = PBXGroup;
			children = (
				61077948286D28080094F95A /* ShoppingCartVC.swift */,
				6107794A286D28B80094F95A /* ShoppingCartSVC.swift */,
			);
			path = Views;
			sourceTree = "<group>";
		};
		61077944286D26AD0094F95A /* Models */ = {
			isa = PBXGroup;
			children = (
				61077956286D42050094F95A /* Product.swift */,
				61077958286D42F80094F95A /* ModelData.swift */,
			);
			path = Models;
			sourceTree = "<group>";
		};
		61077945286D26B20094F95A /* ViewModels */ = {
			isa = PBXGroup;
			children = (
				6107795D286D51880094F95A /* Actions.swift */,
				6107795F286D51F60094F95A /* Helpers.swift */,
			);
			path = ViewModels;
			sourceTree = "<group>";
		};
		6107794C286D322E0094F95A /* Components */ = {
			isa = PBXGroup;
			children = (
				61077971286E00800094F95A /* AddRemoveItem.swift */,
			);
			path = Components;
			sourceTree = "<group>";
		};
		6107795A286D43300094F95A /* Resources */ = {
			isa = PBXGroup;
			children = (
				6107795B286D43860094F95A /* data.json */,
			);
			path = Resources;
			sourceTree = "<group>";
		};
		61077961286D57630094F95A /* CheckoutPage */ = {
			isa = PBXGroup;
			children = (
				6107798B286E4A960094F95A /* Helpers */,
				61077965286D57D40094F95A /* Components */,
				61077964286D57CA0094F95A /* ViewModels */,
				6107797C286E38330094F95A /* Views */,
				61077963286D57C40094F95A /* Models */,
			);
			path = CheckoutPage;
			sourceTree = "<group>";
		};
		61077963286D57C40094F95A /* Models */ = {
			isa = PBXGroup;
			children = (
			);
			path = Models;
			sourceTree = "<group>";
		};
		61077964286D57CA0094F95A /* ViewModels */ = {
			isa = PBXGroup;
			children = (
			);
			path = ViewModels;
			sourceTree = "<group>";
		};
		61077965286D57D40094F95A /* Components */ = {
			isa = PBXGroup;
			children = (
				61077981286E398F0094F95A /* CheckoutForm.swift */,
				61077983286E3BD80094F95A /* CheckoutField.swift */,
				61077985286E461E0094F95A /* CheckoutSummary.swift */,
				61077987286E49090094F95A /* CheckoutDetails.swift */,
				61077989286E49580094F95A /* CheckoutDetail.swift */,
			);
			path = Components;
			sourceTree = "<group>";
		};
		61077973286E054A0094F95A /* CustomUI */ = {
			isa = PBXGroup;
			children = (
				61077976286E05E30094F95A /* NavigationBar */,
			);
			path = CustomUI;
			sourceTree = "<group>";
		};
		61077976286E05E30094F95A /* NavigationBar */ = {
			isa = PBXGroup;
			children = (
				61077979286E06050094F95A /* ViewModels */,
				61077978286E05F90094F95A /* Models */,
				61077977286E05F30094F95A /* Views */,
			);
			path = NavigationBar;
			sourceTree = "<group>";
		};
		61077977286E05F30094F95A /* Views */ = {
			isa = PBXGroup;
			children = (
				61077974286E055F0094F95A /* NavigationBar.swift */,
			);
			path = Views;
			sourceTree = "<group>";
		};
		61077978286E05F90094F95A /* Models */ = {
			isa = PBXGroup;
			children = (
			);
			path = Models;
			sourceTree = "<group>";
		};
		61077979286E06050094F95A /* ViewModels */ = {
			isa = PBXGroup;
			children = (
			);
			name = ViewModels;
			sourceTree = "<group>";
		};
		6107797C286E38330094F95A /* Views */ = {
			isa = PBXGroup;
			children = (
				6107797D286E386A0094F95A /* CheckoutVC.swift */,
				6107797F286E38760094F95A /* CheckoutSVC.swift */,
			);
			path = Views;
			sourceTree = "<group>";
		};
		6107798B286E4A960094F95A /* Helpers */ = {
			isa = PBXGroup;
			children = (
			);
			path = Helpers;
			sourceTree = "<group>";
		};
		6107798C286E75090094F95A /* ProductPage */ = {
			isa = PBXGroup;
			children = (
				61077991286E753D0094F95A /* Helpers */,
				61077990286E75360094F95A /* Components */,
				6107798F286E75310094F95A /* ViewModels */,
				6107798E286E752C0094F95A /* Models */,
				6107798D286E75250094F95A /* Views */,
			);
			path = ProductPage;
			sourceTree = "<group>";
		};
		6107798D286E75250094F95A /* Views */ = {
			isa = PBXGroup;
			children = (
				61077992286E75730094F95A /* ProductVC.swift */,
				61077994286E7D8B0094F95A /* ProductSVC.swift */,
			);
			path = Views;
			sourceTree = "<group>";
		};
		6107798E286E752C0094F95A /* Models */ = {
			isa = PBXGroup;
			children = (
				610779A2286E8F3D0094F95A /* ProductModel.swift */,
			);
			path = Models;
			sourceTree = "<group>";
		};
		6107798F286E75310094F95A /* ViewModels */ = {
			isa = PBXGroup;
			children = (
			);
			path = ViewModels;
			sourceTree = "<group>";
		};
		61077990286E75360094F95A /* Components */ = {
			isa = PBXGroup;
			children = (
				61077996286E8DA90094F95A /* ProductImage.swift */,
				61077998286E8DD50094F95A /* ProductDetails.swift */,
				6107799A286E8DE30094F95A /* ProductFeatures.swift */,
				6107799C286E8DF40094F95A /* ProductContents.swift */,
				6107799E286E8E090094F95A /* ProductPreview.swift */,
				610779A4286E95090094F95A /* ProductQuantity.swift */,
			);
			path = Components;
			sourceTree = "<group>";
		};
		61077991286E753D0094F95A /* Helpers */ = {
			isa = PBXGroup;
			children = (
				610779A6286E959E0094F95A /* QuantityHelper.swift */,
				610779A8286E9A990094F95A /* ItemHelper.swift */,
				610779AA286E9DCF0094F95A /* PreviewHelper.swift */,
			);
			path = Helpers;
			sourceTree = "<group>";
		};
		847F7F57286A4C2F006E87AB = {
			isa = PBXGroup;
			children = (
				847F7F62286A4C30006E87AB /* ecommerce */,
				847F7F61286A4C30006E87AB /* Products */,
			);
			sourceTree = "<group>";
		};
		847F7F61286A4C30006E87AB /* Products */ = {
			isa = PBXGroup;
			children = (
				847F7F60286A4C30006E87AB /* ecommerce.app */,
			);
			name = Products;
			sourceTree = "<group>";
		};
		847F7F62286A4C30006E87AB /* ecommerce */ = {
			isa = PBXGroup;
			children = (
				61077973286E054A0094F95A /* CustomUI */,
				6107795A286D43300094F95A /* Resources */,
				6107798C286E75090094F95A /* ProductPage */,
				61077961286D57630094F95A /* CheckoutPage */,
				61077942286D266B0094F95A /* ShoppingCartPage */,
				847F7F63286A4C30006E87AB /* AppDelegate.swift */,
				847F7F65286A4C30006E87AB /* SceneDelegate.swift */,
				847F7F67286A4C30006E87AB /* ViewController.swift */,
				847F7F69286A4C30006E87AB /* Main.storyboard */,
				847F7F6F286A4C31006E87AB /* Assets.xcassets */,
				847F7F71286A4C31006E87AB /* LaunchScreen.storyboard */,
				847F7F74286A4C31006E87AB /* Info.plist */,
				847F7F6C286A4C30006E87AB /* ecommerce.xcdatamodeld */,
			);
			path = ecommerce;
			sourceTree = "<group>";
		};
/* End PBXGroup section */

/* Begin PBXNativeTarget section */
		847F7F5F286A4C30006E87AB /* ecommerce */ = {
			isa = PBXNativeTarget;
			buildConfigurationList = 847F7F77286A4C31006E87AB /* Build configuration list for PBXNativeTarget "ecommerce" */;
			buildPhases = (
				847F7F5C286A4C30006E87AB /* Sources */,
				847F7F5D286A4C30006E87AB /* Frameworks */,
				847F7F5E286A4C30006E87AB /* Resources */,
			);
			buildRules = (
			);
			dependencies = (
			);
			name = ecommerce;
			productName = ecommerce;
			productReference = 847F7F60286A4C30006E87AB /* ecommerce.app */;
			productType = "com.apple.product-type.application";
		};
/* End PBXNativeTarget section */

/* Begin PBXProject section */
		847F7F58286A4C2F006E87AB /* Project object */ = {
			isa = PBXProject;
			attributes = {
				BuildIndependentTargetsInParallel = 1;
				LastSwiftUpdateCheck = 1330;
				LastUpgradeCheck = 1330;
				TargetAttributes = {
					847F7F5F286A4C30006E87AB = {
						CreatedOnToolsVersion = 13.3.1;
					};
				};
			};
			buildConfigurationList = 847F7F5B286A4C2F006E87AB /* Build configuration list for PBXProject "ecommerce" */;
			compatibilityVersion = "Xcode 13.0";
			developmentRegion = en;
			hasScannedForEncodings = 0;
			knownRegions = (
				en,
				Base,
			);
			mainGroup = 847F7F57286A4C2F006E87AB;
			productRefGroup = 847F7F61286A4C30006E87AB /* Products */;
			projectDirPath = "";
			projectRoot = "";
			targets = (
				847F7F5F286A4C30006E87AB /* ecommerce */,
			);
		};
/* End PBXProject section */

/* Begin PBXResourcesBuildPhase section */
		847F7F5E286A4C30006E87AB /* Resources */ = {
			isa = PBXResourcesBuildPhase;
			buildActionMask = 2147483647;
			files = (
				847F7F73286A4C31006E87AB /* LaunchScreen.storyboard in Resources */,
				847F7F70286A4C31006E87AB /* Assets.xcassets in Resources */,
				847F7F6B286A4C30006E87AB /* Main.storyboard in Resources */,
				6107795C286D43860094F95A /* data.json in Resources */,
			);
			runOnlyForDeploymentPostprocessing = 0;
		};
/* End PBXResourcesBuildPhase section */

/* Begin PBXSourcesBuildPhase section */
		847F7F5C286A4C30006E87AB /* Sources */ = {
			isa = PBXSourcesBuildPhase;
			buildActionMask = 2147483647;
			files = (
				6107799B286E8DE30094F95A /* ProductFeatures.swift in Sources */,
				61077949286D28080094F95A /* ShoppingCartVC.swift in Sources */,
				61077997286E8DA90094F95A /* ProductImage.swift in Sources */,
				61077972286E00800094F95A /* AddRemoveItem.swift in Sources */,
				610779A3286E8F3D0094F95A /* ProductModel.swift in Sources */,
				847F7F68286A4C30006E87AB /* ViewController.swift in Sources */,
				847F7F64286A4C30006E87AB /* AppDelegate.swift in Sources */,
				61077982286E398F0094F95A /* CheckoutForm.swift in Sources */,
				61077960286D51F60094F95A /* Helpers.swift in Sources */,
				61077986286E461E0094F95A /* CheckoutSummary.swift in Sources */,
				847F7F6E286A4C30006E87AB /* ecommerce.xcdatamodeld in Sources */,
				61077993286E75730094F95A /* ProductVC.swift in Sources */,
				61077980286E38760094F95A /* CheckoutSVC.swift in Sources */,
				61077984286E3BD80094F95A /* CheckoutField.swift in Sources */,
				61077988286E49090094F95A /* CheckoutDetails.swift in Sources */,
				610779AB286E9DCF0094F95A /* PreviewHelper.swift in Sources */,
				61077999286E8DD50094F95A /* ProductDetails.swift in Sources */,
				6107794B286D28B80094F95A /* ShoppingCartSVC.swift in Sources */,
				6107799F286E8E090094F95A /* ProductPreview.swift in Sources */,
				6107798A286E49580094F95A /* CheckoutDetail.swift in Sources */,
				6107799D286E8DF40094F95A /* ProductContents.swift in Sources */,
				610779A5286E95090094F95A /* ProductQuantity.swift in Sources */,
				61077959286D42F80094F95A /* ModelData.swift in Sources */,
				6107795E286D51880094F95A /* Actions.swift in Sources */,
				610779A7286E959E0094F95A /* QuantityHelper.swift in Sources */,
				847F7F66286A4C30006E87AB /* SceneDelegate.swift in Sources */,
				61077957286D42050094F95A /* Product.swift in Sources */,
				61077975286E055F0094F95A /* NavigationBar.swift in Sources */,
				61077995286E7D8B0094F95A /* ProductSVC.swift in Sources */,
				610779A9286E9A990094F95A /* ItemHelper.swift in Sources */,
				6107797E286E386A0094F95A /* CheckoutVC.swift in Sources */,
			);
			runOnlyForDeploymentPostprocessing = 0;
		};
/* End PBXSourcesBuildPhase section */

/* Begin PBXVariantGroup section */
		847F7F69286A4C30006E87AB /* Main.storyboard */ = {
			isa = PBXVariantGroup;
			children = (
				847F7F6A286A4C30006E87AB /* Base */,
			);
			name = Main.storyboard;
			sourceTree = "<group>";
		};
		847F7F71286A4C31006E87AB /* LaunchScreen.storyboard */ = {
			isa = PBXVariantGroup;
			children = (
				847F7F72286A4C31006E87AB /* Base */,
			);
			name = LaunchScreen.storyboard;
			sourceTree = "<group>";
		};
/* End PBXVariantGroup section */

/* Begin XCBuildConfiguration section */
		847F7F75286A4C31006E87AB /* Debug */ = {
			isa = XCBuildConfiguration;
			buildSettings = {
				ALWAYS_SEARCH_USER_PATHS = NO;
				CLANG_ANALYZER_NONNULL = YES;
				CLANG_ANALYZER_NUMBER_OBJECT_CONVERSION = YES_AGGRESSIVE;
				CLANG_CXX_LANGUAGE_STANDARD = "gnu++17";
				CLANG_ENABLE_MODULES = YES;
				CLANG_ENABLE_OBJC_ARC = YES;
				CLANG_ENABLE_OBJC_WEAK = YES;
				CLANG_WARN_BLOCK_CAPTURE_AUTORELEASING = YES;
				CLANG_WARN_BOOL_CONVERSION = YES;
				CLANG_WARN_COMMA = YES;
				CLANG_WARN_CONSTANT_CONVERSION = YES;
				CLANG_WARN_DEPRECATED_OBJC_IMPLEMENTATIONS = YES;
				CLANG_WARN_DIRECT_OBJC_ISA_USAGE = YES_ERROR;
				CLANG_WARN_DOCUMENTATION_COMMENTS = YES;
				CLANG_WARN_EMPTY_BODY = YES;
				CLANG_WARN_ENUM_CONVERSION = YES;
				CLANG_WARN_INFINITE_RECURSION = YES;
				CLANG_WARN_INT_CONVERSION = YES;
				CLANG_WARN_NON_LITERAL_NULL_CONVERSION = YES;
				CLANG_WARN_OBJC_IMPLICIT_RETAIN_SELF = YES;
				CLANG_WARN_OBJC_LITERAL_CONVERSION = YES;
				CLANG_WARN_OBJC_ROOT_CLASS = YES_ERROR;
				CLANG_WARN_QUOTED_INCLUDE_IN_FRAMEWORK_HEADER = YES;
				CLANG_WARN_RANGE_LOOP_ANALYSIS = YES;
				CLANG_WARN_STRICT_PROTOTYPES = YES;
				CLANG_WARN_SUSPICIOUS_MOVE = YES;
				CLANG_WARN_UNGUARDED_AVAILABILITY = YES_AGGRESSIVE;
				CLANG_WARN_UNREACHABLE_CODE = YES;
				CLANG_WARN__DUPLICATE_METHOD_MATCH = YES;
				COPY_PHASE_STRIP = NO;
				DEBUG_INFORMATION_FORMAT = dwarf;
				ENABLE_STRICT_OBJC_MSGSEND = YES;
				ENABLE_TESTABILITY = YES;
				GCC_C_LANGUAGE_STANDARD = gnu11;
				GCC_DYNAMIC_NO_PIC = NO;
				GCC_NO_COMMON_BLOCKS = YES;
				GCC_OPTIMIZATION_LEVEL = 0;
				GCC_PREPROCESSOR_DEFINITIONS = (
					"DEBUG=1",
					"$(inherited)",
				);
				GCC_WARN_64_TO_32_BIT_CONVERSION = YES;
				GCC_WARN_ABOUT_RETURN_TYPE = YES_ERROR;
				GCC_WARN_UNDECLARED_SELECTOR = YES;
				GCC_WARN_UNINITIALIZED_AUTOS = YES_AGGRESSIVE;
				GCC_WARN_UNUSED_FUNCTION = YES;
				GCC_WARN_UNUSED_VARIABLE = YES;
				IPHONEOS_DEPLOYMENT_TARGET = 15.4;
				MTL_ENABLE_DEBUG_INFO = INCLUDE_SOURCE;
				MTL_FAST_MATH = YES;
				ONLY_ACTIVE_ARCH = YES;
				SDKROOT = iphoneos;
				SWIFT_ACTIVE_COMPILATION_CONDITIONS = DEBUG;
				SWIFT_OPTIMIZATION_LEVEL = "-Onone";
			};
			name = Debug;
		};
		847F7F76286A4C31006E87AB /* Release */ = {
			isa = XCBuildConfiguration;
			buildSettings = {
				ALWAYS_SEARCH_USER_PATHS = NO;
				CLANG_ANALYZER_NONNULL = YES;
				CLANG_ANALYZER_NUMBER_OBJECT_CONVERSION = YES_AGGRESSIVE;
				CLANG_CXX_LANGUAGE_STANDARD = "gnu++17";
				CLANG_ENABLE_MODULES = YES;
				CLANG_ENABLE_OBJC_ARC = YES;
				CLANG_ENABLE_OBJC_WEAK = YES;
				CLANG_WARN_BLOCK_CAPTURE_AUTORELEASING = YES;
				CLANG_WARN_BOOL_CONVERSION = YES;
				CLANG_WARN_COMMA = YES;
				CLANG_WARN_CONSTANT_CONVERSION = YES;
				CLANG_WARN_DEPRECATED_OBJC_IMPLEMENTATIONS = YES;
				CLANG_WARN_DIRECT_OBJC_ISA_USAGE = YES_ERROR;
				CLANG_WARN_DOCUMENTATION_COMMENTS = YES;
				CLANG_WARN_EMPTY_BODY = YES;
				CLANG_WARN_ENUM_CONVERSION = YES;
				CLANG_WARN_INFINITE_RECURSION = YES;
				CLANG_WARN_INT_CONVERSION = YES;
				CLANG_WARN_NON_LITERAL_NULL_CONVERSION = YES;
				CLANG_WARN_OBJC_IMPLICIT_RETAIN_SELF = YES;
				CLANG_WARN_OBJC_LITERAL_CONVERSION = YES;
				CLANG_WARN_OBJC_ROOT_CLASS = YES_ERROR;
				CLANG_WARN_QUOTED_INCLUDE_IN_FRAMEWORK_HEADER = YES;
				CLANG_WARN_RANGE_LOOP_ANALYSIS = YES;
				CLANG_WARN_STRICT_PROTOTYPES = YES;
				CLANG_WARN_SUSPICIOUS_MOVE = YES;
				CLANG_WARN_UNGUARDED_AVAILABILITY = YES_AGGRESSIVE;
				CLANG_WARN_UNREACHABLE_CODE = YES;
				CLANG_WARN__DUPLICATE_METHOD_MATCH = YES;
				COPY_PHASE_STRIP = NO;
				DEBUG_INFORMATION_FORMAT = "dwarf-with-dsym";
				ENABLE_NS_ASSERTIONS = NO;
				ENABLE_STRICT_OBJC_MSGSEND = YES;
				GCC_C_LANGUAGE_STANDARD = gnu11;
				GCC_NO_COMMON_BLOCKS = YES;
				GCC_WARN_64_TO_32_BIT_CONVERSION = YES;
				GCC_WARN_ABOUT_RETURN_TYPE = YES_ERROR;
				GCC_WARN_UNDECLARED_SELECTOR = YES;
				GCC_WARN_UNINITIALIZED_AUTOS = YES_AGGRESSIVE;
				GCC_WARN_UNUSED_FUNCTION = YES;
				GCC_WARN_UNUSED_VARIABLE = YES;
				IPHONEOS_DEPLOYMENT_TARGET = 15.4;
				MTL_ENABLE_DEBUG_INFO = NO;
				MTL_FAST_MATH = YES;
				SDKROOT = iphoneos;
				SWIFT_COMPILATION_MODE = wholemodule;
				SWIFT_OPTIMIZATION_LEVEL = "-O";
				VALIDATE_PRODUCT = YES;
			};
			name = Release;
		};
		847F7F78286A4C31006E87AB /* Debug */ = {
			isa = XCBuildConfiguration;
			buildSettings = {
				ASSETCATALOG_COMPILER_APPICON_NAME = AppIcon;
				ASSETCATALOG_COMPILER_GLOBAL_ACCENT_COLOR_NAME = AccentColor;
				CODE_SIGN_STYLE = Automatic;
				CURRENT_PROJECT_VERSION = 1;
				GENERATE_INFOPLIST_FILE = YES;
				INFOPLIST_FILE = ecommerce/Info.plist;
				INFOPLIST_KEY_UIApplicationSupportsIndirectInputEvents = YES;
				INFOPLIST_KEY_UILaunchStoryboardName = LaunchScreen;
				INFOPLIST_KEY_UIMainStoryboardFile = Main;
				INFOPLIST_KEY_UISupportedInterfaceOrientations_iPad = "UIInterfaceOrientationPortrait UIInterfaceOrientationPortraitUpsideDown UIInterfaceOrientationLandscapeLeft UIInterfaceOrientationLandscapeRight";
				INFOPLIST_KEY_UISupportedInterfaceOrientations_iPhone = "UIInterfaceOrientationPortrait UIInterfaceOrientationLandscapeLeft UIInterfaceOrientationLandscapeRight";
				LD_RUNPATH_SEARCH_PATHS = (
					"$(inherited)",
					"@executable_path/Frameworks",
				);
				MARKETING_VERSION = 1.0;
				PRODUCT_BUNDLE_IDENTIFIER = jacob.ecommerce;
				PRODUCT_NAME = "$(TARGET_NAME)";
				SWIFT_EMIT_LOC_STRINGS = YES;
				SWIFT_VERSION = 5.0;
				TARGETED_DEVICE_FAMILY = "1,2";
			};
			name = Debug;
		};
		847F7F79286A4C31006E87AB /* Release */ = {
			isa = XCBuildConfiguration;
			buildSettings = {
				ASSETCATALOG_COMPILER_APPICON_NAME = AppIcon;
				ASSETCATALOG_COMPILER_GLOBAL_ACCENT_COLOR_NAME = AccentColor;
				CODE_SIGN_STYLE = Automatic;
				CURRENT_PROJECT_VERSION = 1;
				GENERATE_INFOPLIST_FILE = YES;
				INFOPLIST_FILE = ecommerce/Info.plist;
				INFOPLIST_KEY_UIApplicationSupportsIndirectInputEvents = YES;
				INFOPLIST_KEY_UILaunchStoryboardName = LaunchScreen;
				INFOPLIST_KEY_UIMainStoryboardFile = Main;
				INFOPLIST_KEY_UISupportedInterfaceOrientations_iPad = "UIInterfaceOrientationPortrait UIInterfaceOrientationPortraitUpsideDown UIInterfaceOrientationLandscapeLeft UIInterfaceOrientationLandscapeRight";
				INFOPLIST_KEY_UISupportedInterfaceOrientations_iPhone = "UIInterfaceOrientationPortrait UIInterfaceOrientationLandscapeLeft UIInterfaceOrientationLandscapeRight";
				LD_RUNPATH_SEARCH_PATHS = (
					"$(inherited)",
					"@executable_path/Frameworks",
				);
				MARKETING_VERSION = 1.0;
				PRODUCT_BUNDLE_IDENTIFIER = jacob.ecommerce;
				PRODUCT_NAME = "$(TARGET_NAME)";
				SWIFT_EMIT_LOC_STRINGS = YES;
				SWIFT_VERSION = 5.0;
				TARGETED_DEVICE_FAMILY = "1,2";
			};
			name = Release;
		};
/* End XCBuildConfiguration section */

/* Begin XCConfigurationList section */
		847F7F5B286A4C2F006E87AB /* Build configuration list for PBXProject "ecommerce" */ = {
			isa = XCConfigurationList;
			buildConfigurations = (
				847F7F75286A4C31006E87AB /* Debug */,
				847F7F76286A4C31006E87AB /* Release */,
			);
			defaultConfigurationIsVisible = 0;
			defaultConfigurationName = Release;
		};
		847F7F77286A4C31006E87AB /* Build configuration list for PBXNativeTarget "ecommerce" */ = {
			isa = XCConfigurationList;
			buildConfigurations = (
				847F7F78286A4C31006E87AB /* Debug */,
				847F7F79286A4C31006E87AB /* Release */,
			);
			defaultConfigurationIsVisible = 0;
			defaultConfigurationName = Release;
		};
/* End XCConfigurationList section */

/* Begin XCVersionGroup section */
		847F7F6C286A4C30006E87AB /* ecommerce.xcdatamodeld */ = {
			isa = XCVersionGroup;
			children = (
				847F7F6D286A4C30006E87AB /* ecommerce.xcdatamodel */,
			);
			currentVersion = 847F7F6D286A4C30006E87AB /* ecommerce.xcdatamodel */;
			path = ecommerce.xcdatamodeld;
			sourceTree = "<group>";
			versionGroupType = wrapper.xcdatamodel;
		};
/* End XCVersionGroup section */
	};
	rootObject = 847F7F58286A4C2F006E87AB /* Project object */;
}
